lockfileVersion: '9.0'

settings:
  autoInstallPeers: true
  excludeLinksFromLockfile: false

importers:

  .:
    devDependencies:
      '@types/vscode':
        specifier: ^1.90.0
        version: 1.90.0

packages:

  '@types/vscode@1.90.0':
    resolution: {integrity: sha512-oT+ZJL7qHS9Z8bs0+WKf/kQ27qWYR3trsXpq46YDjFqBsMLG4ygGGjPaJ2tyrH0wJzjOEmDyg9PDJBBhWg9pkQ==}

snapshots:

  '@types/vscode@1.90.0': {}
